// !$*UTF8*$!
{
	archiveVersion = 1;
	classes = {
	};
	objectVersion = 46;
	objects = {

/* Begin PBXBuildFile section */
		946D2D8D1EF7763B0060A9C3 /* NavTitleStyle.swift in Sources */ = {isa = PBXBuildFile; fileRef = 946D2D8C1EF7763B0060A9C3 /* NavTitleStyle.swift */; };
		947BE9391EFB8A47009E7961 /* MineOtherCell.swift in Sources */ = {isa = PBXBuildFile; fileRef = 947BE9371EFB8A47009E7961 /* MineOtherCell.swift */; };
		947BE93A1EFB8A47009E7961 /* MineOtherCell.xib in Resources */ = {isa = PBXBuildFile; fileRef = 947BE9381EFB8A47009E7961 /* MineOtherCell.xib */; };
		947BE93D1EFB8A5E009E7961 /* MineFirstSectionCell.swift in Sources */ = {isa = PBXBuildFile; fileRef = 947BE93B1EFB8A5E009E7961 /* MineFirstSectionCell.swift */; };
		947BE93E1EFB8A5E009E7961 /* MineFirstSectionCell.xib in Resources */ = {isa = PBXBuildFile; fileRef = 947BE93C1EFB8A5E009E7961 /* MineFirstSectionCell.xib */; };
		947BE94F1EFD639C009E7961 /* MyConcernCell.swift in Sources */ = {isa = PBXBuildFile; fileRef = 947BE94D1EFD639C009E7961 /* MyConcernCell.swift */; };
		947BE9501EFD639C009E7961 /* MyConcernCell.xib in Resources */ = {isa = PBXBuildFile; fileRef = 947BE94E1EFD639C009E7961 /* MyConcernCell.xib */; };
		947BE9521F0000E4009E7961 /* FollowDetailViewController.swift in Sources */ = {isa = PBXBuildFile; fileRef = 947BE9511F0000E4009E7961 /* FollowDetailViewController.swift */; };
		947BE9541F0004F7009E7961 /* MyConcernController.swift in Sources */ = {isa = PBXBuildFile; fileRef = 947BE9531F0004F7009E7961 /* MyConcernController.swift */; };
		94B916021EF21E4A00AC91B9 /* Assets.xcassets in Resources */ = {isa = PBXBuildFile; fileRef = 94B916011EF21E4A00AC91B9 /* Assets.xcassets */; };
		94B916101EF21E4A00AC91B9 /* TodayNewsTests.swift in Sources */ = {isa = PBXBuildFile; fileRef = 94B9160F1EF21E4A00AC91B9 /* TodayNewsTests.swift */; };
		94B9161B1EF21E4A00AC91B9 /* TodayNewsUITests.swift in Sources */ = {isa = PBXBuildFile; fileRef = 94B9161A1EF21E4A00AC91B9 /* TodayNewsUITests.swift */; };
		94B916711EF21EE300AC91B9 /* HomeSearchViewController.swift in Sources */ = {isa = PBXBuildFile; fileRef = 94B9162B1EF21EE200AC91B9 /* HomeSearchViewController.swift */; };
		94B916721EF21EE300AC91B9 /* HomeTopViewController.swift in Sources */ = {isa = PBXBuildFile; fileRef = 94B9162C1EF21EE200AC91B9 /* HomeTopViewController.swift */; };
		94B916731EF21EE300AC91B9 /* HomeViewController.swift in Sources */ = {isa = PBXBuildFile; fileRef = 94B9162D1EF21EE200AC91B9 /* HomeViewController.swift */; };
		94B916741EF21EE300AC91B9 /* HomeTopTitle.swift in Sources */ = {isa = PBXBuildFile; fileRef = 94B9162F1EF21EE200AC91B9 /* HomeTopTitle.swift */; };
		94B916751EF21EE300AC91B9 /* HomeNavigationBar.swift in Sources */ = {isa = PBXBuildFile; fileRef = 94B916311EF21EE200AC91B9 /* HomeNavigationBar.swift */; };
		94B916761EF21EE300AC91B9 /* HomeSearchBar.swift in Sources */ = {isa = PBXBuildFile; fileRef = 94B916321EF21EE200AC91B9 /* HomeSearchBar.swift */; };
		94B916771EF21EE300AC91B9 /* PageContentView.swift in Sources */ = {isa = PBXBuildFile; fileRef = 94B916331EF21EE200AC91B9 /* PageContentView.swift */; };
		94B916781EF21EE300AC91B9 /* PageTitleView.swift in Sources */ = {isa = PBXBuildFile; fileRef = 94B916341EF21EE200AC91B9 /* PageTitleView.swift */; };
		94B916791EF21EE300AC91B9 /* PageView.swift in Sources */ = {isa = PBXBuildFile; fileRef = 94B916351EF21EE200AC91B9 /* PageView.swift */; };
		94B9167A1EF21EE300AC91B9 /* SearchDefaultBackgroundView.swift in Sources */ = {isa = PBXBuildFile; fileRef = 94B916361EF21EE200AC91B9 /* SearchDefaultBackgroundView.swift */; };
		94B9167B1EF21EE300AC91B9 /* SearchDefaultBackgroundView.xib in Resources */ = {isa = PBXBuildFile; fileRef = 94B916371EF21EE200AC91B9 /* SearchDefaultBackgroundView.xib */; };
		94B9167C1EF21EE300AC91B9 /* SearchNavigationView.swift in Sources */ = {isa = PBXBuildFile; fileRef = 94B916381EF21EE200AC91B9 /* SearchNavigationView.swift */; };
		94B9167D1EF21EE300AC91B9 /* UIColor+Extension.swift in Sources */ = {isa = PBXBuildFile; fileRef = 94B9163C1EF21EE200AC91B9 /* UIColor+Extension.swift */; };
		94B9167E1EF21EE300AC91B9 /* UIImage+Extension.swift in Sources */ = {isa = PBXBuildFile; fileRef = 94B9163D1EF21EE200AC91B9 /* UIImage+Extension.swift */; };
		94B9167F1EF21EE300AC91B9 /* UIView+Extension.swift in Sources */ = {isa = PBXBuildFile; fileRef = 94B9163E1EF21EE200AC91B9 /* UIView+Extension.swift */; };
		94B916801EF21EE300AC91B9 /* MyNavigationController.swift in Sources */ = {isa = PBXBuildFile; fileRef = 94B916401EF21EE200AC91B9 /* MyNavigationController.swift */; };
		94B916811EF21EE300AC91B9 /* MyTabBarController.swift in Sources */ = {isa = PBXBuildFile; fileRef = 94B916411EF21EE200AC91B9 /* MyTabBarController.swift */; };
		94B916821EF21EE300AC91B9 /* NetworkTool.swift in Sources */ = {isa = PBXBuildFile; fileRef = 94B916431EF21EE200AC91B9 /* NetworkTool.swift */; };
		94B916831EF21EE300AC91B9 /* MineViewController.swift in Sources */ = {isa = PBXBuildFile; fileRef = 94B916461EF21EE200AC91B9 /* MineViewController.swift */; };
		94B916841EF21EE300AC91B9 /* MoreLoginViewController.storyboard in Resources */ = {isa = PBXBuildFile; fileRef = 94B916471EF21EE200AC91B9 /* MoreLoginViewController.storyboard */; };
		94B916851EF21EE300AC91B9 /* MoreLoginViewController.swift in Sources */ = {isa = PBXBuildFile; fileRef = 94B916481EF21EE200AC91B9 /* MoreLoginViewController.swift */; };
		94B916861EF21EE300AC91B9 /* MineCellModel.swift in Sources */ = {isa = PBXBuildFile; fileRef = 94B9164A1EF21EE200AC91B9 /* MineCellModel.swift */; };
		94B916871EF21EE300AC91B9 /* NoLoginHeaderView.swift in Sources */ = {isa = PBXBuildFile; fileRef = 94B9164C1EF21EE200AC91B9 /* NoLoginHeaderView.swift */; };
		94B916881EF21EE300AC91B9 /* NoLoginHeaderView.xib in Resources */ = {isa = PBXBuildFile; fileRef = 94B9164D1EF21EE200AC91B9 /* NoLoginHeaderView.xib */; };
		94B916891EF21EE300AC91B9 /* VerticalButton.swift in Sources */ = {isa = PBXBuildFile; fileRef = 94B9164E1EF21EE200AC91B9 /* VerticalButton.swift */; };
		94B9168A1EF21EE300AC91B9 /* AppDelegate.swift in Sources */ = {isa = PBXBuildFile; fileRef = 94B916501EF21EE200AC91B9 /* AppDelegate.swift */; };
		94B9168B1EF21EE300AC91B9 /* Const.swift in Sources */ = {isa = PBXBuildFile; fileRef = 94B916511EF21EE200AC91B9 /* Const.swift */; };
		94B9168D1EF21EE300AC91B9 /* Main.storyboard in Resources */ = {isa = PBXBuildFile; fileRef = 94B916531EF21EE200AC91B9 /* Main.storyboard */; };
		94B9168E1EF21EE300AC91B9 /* MineCell.plist in Resources */ = {isa = PBXBuildFile; fileRef = 94B916541EF21EE200AC91B9 /* MineCell.plist */; };
		94B9168F1EF21EE300AC91B9 /* VideoDetailController.swift in Sources */ = {isa = PBXBuildFile; fileRef = 94B916571EF21EE200AC91B9 /* VideoDetailController.swift */; };
		94B916901EF21EE300AC91B9 /* VideoTopicController.swift in Sources */ = {isa = PBXBuildFile; fileRef = 94B916581EF21EE200AC91B9 /* VideoTopicController.swift */; };
		94B916911EF21EE300AC91B9 /* VideoViewController.swift in Sources */ = {isa = PBXBuildFile; fileRef = 94B916591EF21EE200AC91B9 /* VideoViewController.swift */; };
		94B916921EF21EE300AC91B9 /* NewsTopic.swift in Sources */ = {isa = PBXBuildFile; fileRef = 94B9165B1EF21EE200AC91B9 /* NewsTopic.swift */; };
		94B916931EF21EE300AC91B9 /* TopTitle.swift in Sources */ = {isa = PBXBuildFile; fileRef = 94B9165C1EF21EE200AC91B9 /* TopTitle.swift */; };
		94B916941EF21EE300AC91B9 /* VideoTitleView.swift in Sources */ = {isa = PBXBuildFile; fileRef = 94B9165E1EF21EE300AC91B9 /* VideoTitleView.swift */; };
		94B916951EF21EE300AC91B9 /* VideoTopicCell.swift in Sources */ = {isa = PBXBuildFile; fileRef = 94B9165F1EF21EE300AC91B9 /* VideoTopicCell.swift */; };
		94B916961EF21EE300AC91B9 /* VideoTopicCell.xib in Resources */ = {isa = PBXBuildFile; fileRef = 94B916601EF21EE300AC91B9 /* VideoTopicCell.xib */; };
		94B916971EF21EE300AC91B9 /* AddFriendViewController.swift in Sources */ = {isa = PBXBuildFile; fileRef = 94B916631EF21EE300AC91B9 /* AddFriendViewController.swift */; };
		94B916981EF21EE300AC91B9 /* HeaderTextViewController.swift in Sources */ = {isa = PBXBuildFile; fileRef = 94B916641EF21EE300AC91B9 /* HeaderTextViewController.swift */; };
		94B916991EF21EE300AC91B9 /* LoginPopViewController.swift in Sources */ = {isa = PBXBuildFile; fileRef = 94B916651EF21EE300AC91B9 /* LoginPopViewController.swift */; };
		94B9169A1EF21EE300AC91B9 /* TellFriendsViewController.swift in Sources */ = {isa = PBXBuildFile; fileRef = 94B916661EF21EE300AC91B9 /* TellFriendsViewController.swift */; };
		94B9169B1EF21EE300AC91B9 /* WeiTouTiaoHeader.storyboard in Resources */ = {isa = PBXBuildFile; fileRef = 94B916671EF21EE300AC91B9 /* WeiTouTiaoHeader.storyboard */; };
		94B9169C1EF21EE300AC91B9 /* WeiTouTiaoViewController.swift in Sources */ = {isa = PBXBuildFile; fileRef = 94B916681EF21EE300AC91B9 /* WeiTouTiaoViewController.swift */; };
		94B9169D1EF21EE300AC91B9 /* NotNetworkView.swift in Sources */ = {isa = PBXBuildFile; fileRef = 94B9166B1EF21EE300AC91B9 /* NotNetworkView.swift */; };
		94B9169E1EF21EE300AC91B9 /* NotNetworkView.xib in Resources */ = {isa = PBXBuildFile; fileRef = 94B9166C1EF21EE300AC91B9 /* NotNetworkView.xib */; };
		94B9169F1EF21EE300AC91B9 /* WeiTouTiaoCell.swift in Sources */ = {isa = PBXBuildFile; fileRef = 94B9166D1EF21EE300AC91B9 /* WeiTouTiaoCell.swift */; };
		94B916A01EF21EE300AC91B9 /* WeiTouTiaoCell.xib in Resources */ = {isa = PBXBuildFile; fileRef = 94B9166E1EF21EE300AC91B9 /* WeiTouTiaoCell.xib */; };
		94B916A11EF21EE300AC91B9 /* WeitoutiaoHeaderView.swift in Sources */ = {isa = PBXBuildFile; fileRef = 94B9166F1EF21EE300AC91B9 /* WeitoutiaoHeaderView.swift */; };
		94B916A21EF21EE300AC91B9 /* WeitoutiaoHeaderView.xib in Resources */ = {isa = PBXBuildFile; fileRef = 94B916701EF21EE300AC91B9 /* WeitoutiaoHeaderView.xib */; };
		94B916A41EF2311700AC91B9 /* WeiTouTiao.swift in Sources */ = {isa = PBXBuildFile; fileRef = 94B916A31EF2311700AC91B9 /* WeiTouTiao.swift */; };
		94B916A61EF2C34F00AC91B9 /* Date+Extension.swift in Sources */ = {isa = PBXBuildFile; fileRef = 94B916A51EF2C34F00AC91B9 /* Date+Extension.swift */; };
		94B916A81EF35EAE00AC91B9 /* String+Extension.swift in Sources */ = {isa = PBXBuildFile; fileRef = 94B916A71EF35EAE00AC91B9 /* String+Extension.swift */; };
		94B916AE1EF4039B00AC91B9 /* ThumbCollectionView.swift in Sources */ = {isa = PBXBuildFile; fileRef = 94B916AD1EF4039B00AC91B9 /* ThumbCollectionView.swift */; };
		94B916B11EF4041E00AC91B9 /* ThumbCollectionViewCell.swift in Sources */ = {isa = PBXBuildFile; fileRef = 94B916AF1EF4041E00AC91B9 /* ThumbCollectionViewCell.swift */; };
		94B916B21EF4041E00AC91B9 /* ThumbCollectionViewCell.xib in Resources */ = {isa = PBXBuildFile; fileRef = 94B916B01EF4041E00AC91B9 /* ThumbCollectionViewCell.xib */; };
		94B916EE1EF50A8900AC91B9 /* CellVideoView.swift in Sources */ = {isa = PBXBuildFile; fileRef = 94B916ED1EF50A8900AC91B9 /* CellVideoView.swift */; };
		94B916F01EF50A9100AC91B9 /* CellVideoView.xib in Resources */ = {isa = PBXBuildFile; fileRef = 94B916EF1EF50A9100AC91B9 /* CellVideoView.xib */; };
		94B916F21EF5111200AC91B9 /* FeedShareViewController.swift in Sources */ = {isa = PBXBuildFile; fileRef = 94B916F11EF5111200AC91B9 /* FeedShareViewController.swift */; };
		94B916F51EF5144200AC91B9 /* PostFirstCell.swift in Sources */ = {isa = PBXBuildFile; fileRef = 94B916F31EF5144200AC91B9 /* PostFirstCell.swift */; };
		94B916F61EF5144200AC91B9 /* PostFirstCell.xib in Resources */ = {isa = PBXBuildFile; fileRef = 94B916F41EF5144200AC91B9 /* PostFirstCell.xib */; };
		94B916F91EF5144D00AC91B9 /* PostSecondCell.swift in Sources */ = {isa = PBXBuildFile; fileRef = 94B916F71EF5144D00AC91B9 /* PostSecondCell.swift */; };
		94B916FA1EF5144D00AC91B9 /* PostSecondCell.xib in Resources */ = {isa = PBXBuildFile; fileRef = 94B916F81EF5144D00AC91B9 /* PostSecondCell.xib */; };
		94B916FE1EF666C600AC91B9 /* WeiTouTiaoUserController.swift in Sources */ = {isa = PBXBuildFile; fileRef = 94B916FD1EF666C600AC91B9 /* WeiTouTiaoUserController.swift */; };
		94FCD3D81F0132C300EC2584 /* AdvertiseViewController.swift in Sources */ = {isa = PBXBuildFile; fileRef = 94FCD3D71F0132C300EC2584 /* AdvertiseViewController.swift */; };
		94FCD3DA1F01367100EC2584 /* AdvertiseViewController.xib in Resources */ = {isa = PBXBuildFile; fileRef = 94FCD3D91F01367100EC2584 /* AdvertiseViewController.xib */; };
		EE46BE76FC8C234C92296B82 /* Pods_TodayNews.framework in Frameworks */ = {isa = PBXBuildFile; fileRef = 280B7838DD62799363838C22 /* Pods_TodayNews.framework */; };
		EFA225121EFD75540035B92F /* MyConcernCell.swift in Sources */ = {isa = PBXBuildFile; fileRef = EFA225101EFD75540035B92F /* MyConcernCell.swift */; };
		EFA225131EFD75540035B92F /* MyConcernCell.xib in Resources */ = {isa = PBXBuildFile; fileRef = EFA225111EFD75540035B92F /* MyConcernCell.xib */; };
/* End PBXBuildFile section */

/* Begin PBXContainerItemProxy section */
		94B9160C1EF21E4A00AC91B9 /* PBXContainerItemProxy */ = {
			isa = PBXContainerItemProxy;
			containerPortal = 94B915EF1EF21E4A00AC91B9 /* Project object */;
			proxyType = 1;
			remoteGlobalIDString = 94B915F61EF21E4A00AC91B9;
			remoteInfo = TodayNews;
		};
		94B916171EF21E4A00AC91B9 /* PBXContainerItemProxy */ = {
			isa = PBXContainerItemProxy;
			containerPortal = 94B915EF1EF21E4A00AC91B9 /* Project object */;
			proxyType = 1;
			remoteGlobalIDString = 94B915F61EF21E4A00AC91B9;
			remoteInfo = TodayNews;
		};
/* End PBXContainerItemProxy section */

/* Begin PBXFileReference section */
		02685576E86BA3B5571B5E4D /* Pods-TodayNews.release.xcconfig */ = {isa = PBXFileReference; includeInIndex = 1; lastKnownFileType = text.xcconfig; name = "Pods-TodayNews.release.xcconfig"; path = "Pods/Target Support Files/Pods-TodayNews/Pods-TodayNews.release.xcconfig"; sourceTree = "<group>"; };
		280B7838DD62799363838C22 /* Pods_TodayNews.framework */ = {isa = PBXFileReference; explicitFileType = wrapper.framework; includeInIndex = 0; path = Pods_TodayNews.framework; sourceTree = BUILT_PRODUCTS_DIR; };
		946D2D8C1EF7763B0060A9C3 /* NavTitleStyle.swift */ = {isa = PBXFileReference; fileEncoding = 4; lastKnownFileType = sourcecode.swift; path = NavTitleStyle.swift; sourceTree = "<group>"; };
		947BE9371EFB8A47009E7961 /* MineOtherCell.swift */ = {isa = PBXFileReference; fileEncoding = 4; lastKnownFileType = sourcecode.swift; path = MineOtherCell.swift; sourceTree = "<group>"; };
		947BE9381EFB8A47009E7961 /* MineOtherCell.xib */ = {isa = PBXFileReference; fileEncoding = 4; lastKnownFileType = file.xib; path = MineOtherCell.xib; sourceTree = "<group>"; };
		947BE93B1EFB8A5E009E7961 /* MineFirstSectionCell.swift */ = {isa = PBXFileReference; fileEncoding = 4; lastKnownFileType = sourcecode.swift; path = MineFirstSectionCell.swift; sourceTree = "<group>"; };
		947BE93C1EFB8A5E009E7961 /* MineFirstSectionCell.xib */ = {isa = PBXFileReference; fileEncoding = 4; lastKnownFileType = file.xib; path = MineFirstSectionCell.xib; sourceTree = "<group>"; };
		947BE94D1EFD639C009E7961 /* MyConcernCell.swift */ = {isa = PBXFileReference; fileEncoding = 4; lastKnownFileType = sourcecode.swift; path = MyConcernCell.swift; sourceTree = "<group>"; };
		947BE94E1EFD639C009E7961 /* MyConcernCell.xib */ = {isa = PBXFileReference; fileEncoding = 4; lastKnownFileType = file.xib; path = MyConcernCell.xib; sourceTree = "<group>"; };
		947BE9511F0000E4009E7961 /* FollowDetailViewController.swift */ = {isa = PBXFileReference; fileEncoding = 4; lastKnownFileType = sourcecode.swift; path = FollowDetailViewController.swift; sourceTree = "<group>"; };
		947BE9531F0004F7009E7961 /* MyConcernController.swift */ = {isa = PBXFileReference; fileEncoding = 4; lastKnownFileType = sourcecode.swift; path = MyConcernController.swift; sourceTree = "<group>"; };
		94B915F71EF21E4A00AC91B9 /* TodayNews.app */ = {isa = PBXFileReference; explicitFileType = wrapper.application; includeInIndex = 0; path = TodayNews.app; sourceTree = BUILT_PRODUCTS_DIR; };
		94B916011EF21E4A00AC91B9 /* Assets.xcassets */ = {isa = PBXFileReference; lastKnownFileType = folder.assetcatalog; path = Assets.xcassets; sourceTree = "<group>"; };
		94B9160B1EF21E4A00AC91B9 /* TodayNewsTests.xctest */ = {isa = PBXFileReference; explicitFileType = wrapper.cfbundle; includeInIndex = 0; path = TodayNewsTests.xctest; sourceTree = BUILT_PRODUCTS_DIR; };
		94B9160F1EF21E4A00AC91B9 /* TodayNewsTests.swift */ = {isa = PBXFileReference; lastKnownFileType = sourcecode.swift; path = TodayNewsTests.swift; sourceTree = "<group>"; };
		94B916111EF21E4A00AC91B9 /* Info.plist */ = {isa = PBXFileReference; lastKnownFileType = text.plist.xml; path = Info.plist; sourceTree = "<group>"; };
		94B916161EF21E4A00AC91B9 /* TodayNewsUITests.xctest */ = {isa = PBXFileReference; explicitFileType = wrapper.cfbundle; includeInIndex = 0; path = TodayNewsUITests.xctest; sourceTree = BUILT_PRODUCTS_DIR; };
		94B9161A1EF21E4A00AC91B9 /* TodayNewsUITests.swift */ = {isa = PBXFileReference; lastKnownFileType = sourcecode.swift; path = TodayNewsUITests.swift; sourceTree = "<group>"; };
		94B9161C1EF21E4A00AC91B9 /* Info.plist */ = {isa = PBXFileReference; lastKnownFileType = text.plist.xml; path = Info.plist; sourceTree = "<group>"; };
		94B9162B1EF21EE200AC91B9 /* HomeSearchViewController.swift */ = {isa = PBXFileReference; fileEncoding = 4; lastKnownFileType = sourcecode.swift; path = HomeSearchViewController.swift; sourceTree = "<group>"; };
		94B9162C1EF21EE200AC91B9 /* HomeTopViewController.swift */ = {isa = PBXFileReference; fileEncoding = 4; lastKnownFileType = sourcecode.swift; path = HomeTopViewController.swift; sourceTree = "<group>"; };
		94B9162D1EF21EE200AC91B9 /* HomeViewController.swift */ = {isa = PBXFileReference; fileEncoding = 4; lastKnownFileType = sourcecode.swift; path = HomeViewController.swift; sourceTree = "<group>"; };
		94B9162F1EF21EE200AC91B9 /* HomeTopTitle.swift */ = {isa = PBXFileReference; fileEncoding = 4; lastKnownFileType = sourcecode.swift; path = HomeTopTitle.swift; sourceTree = "<group>"; };
		94B916311EF21EE200AC91B9 /* HomeNavigationBar.swift */ = {isa = PBXFileReference; fileEncoding = 4; lastKnownFileType = sourcecode.swift; path = HomeNavigationBar.swift; sourceTree = "<group>"; };
		94B916321EF21EE200AC91B9 /* HomeSearchBar.swift */ = {isa = PBXFileReference; fileEncoding = 4; lastKnownFileType = sourcecode.swift; path = HomeSearchBar.swift; sourceTree = "<group>"; };
		94B916331EF21EE200AC91B9 /* PageContentView.swift */ = {isa = PBXFileReference; fileEncoding = 4; lastKnownFileType = sourcecode.swift; path = PageContentView.swift; sourceTree = "<group>"; };
		94B916341EF21EE200AC91B9 /* PageTitleView.swift */ = {isa = PBXFileReference; fileEncoding = 4; lastKnownFileType = sourcecode.swift; path = PageTitleView.swift; sourceTree = "<group>"; };
		94B916351EF21EE200AC91B9 /* PageView.swift */ = {isa = PBXFileReference; fileEncoding = 4; lastKnownFileType = sourcecode.swift; path = PageView.swift; sourceTree = "<group>"; };
		94B916361EF21EE200AC91B9 /* SearchDefaultBackgroundView.swift */ = {isa = PBXFileReference; fileEncoding = 4; lastKnownFileType = sourcecode.swift; path = SearchDefaultBackgroundView.swift; sourceTree = "<group>"; };
		94B916371EF21EE200AC91B9 /* SearchDefaultBackgroundView.xib */ = {isa = PBXFileReference; fileEncoding = 4; lastKnownFileType = file.xib; path = SearchDefaultBackgroundView.xib; sourceTree = "<group>"; };
		94B916381EF21EE200AC91B9 /* SearchNavigationView.swift */ = {isa = PBXFileReference; fileEncoding = 4; lastKnownFileType = sourcecode.swift; path = SearchNavigationView.swift; sourceTree = "<group>"; };
		94B9163C1EF21EE200AC91B9 /* UIColor+Extension.swift */ = {isa = PBXFileReference; fileEncoding = 4; lastKnownFileType = sourcecode.swift; path = "UIColor+Extension.swift"; sourceTree = "<group>"; };
		94B9163D1EF21EE200AC91B9 /* UIImage+Extension.swift */ = {isa = PBXFileReference; fileEncoding = 4; lastKnownFileType = sourcecode.swift; path = "UIImage+Extension.swift"; sourceTree = "<group>"; };
		94B9163E1EF21EE200AC91B9 /* UIView+Extension.swift */ = {isa = PBXFileReference; fileEncoding = 4; lastKnownFileType = sourcecode.swift; path = "UIView+Extension.swift"; sourceTree = "<group>"; };
		94B916401EF21EE200AC91B9 /* MyNavigationController.swift */ = {isa = PBXFileReference; fileEncoding = 4; lastKnownFileType = sourcecode.swift; path = MyNavigationController.swift; sourceTree = "<group>"; };
		94B916411EF21EE200AC91B9 /* MyTabBarController.swift */ = {isa = PBXFileReference; fileEncoding = 4; lastKnownFileType = sourcecode.swift; path = MyTabBarController.swift; sourceTree = "<group>"; };
		94B916431EF21EE200AC91B9 /* NetworkTool.swift */ = {isa = PBXFileReference; fileEncoding = 4; lastKnownFileType = sourcecode.swift; path = NetworkTool.swift; sourceTree = "<group>"; };
		94B916461EF21EE200AC91B9 /* MineViewController.swift */ = {isa = PBXFileReference; fileEncoding = 4; lastKnownFileType = sourcecode.swift; path = MineViewController.swift; sourceTree = "<group>"; };
		94B916471EF21EE200AC91B9 /* MoreLoginViewController.storyboard */ = {isa = PBXFileReference; fileEncoding = 4; lastKnownFileType = file.storyboard; path = MoreLoginViewController.storyboard; sourceTree = "<group>"; };
		94B916481EF21EE200AC91B9 /* MoreLoginViewController.swift */ = {isa = PBXFileReference; fileEncoding = 4; lastKnownFileType = sourcecode.swift; path = MoreLoginViewController.swift; sourceTree = "<group>"; };
		94B9164A1EF21EE200AC91B9 /* MineCellModel.swift */ = {isa = PBXFileReference; fileEncoding = 4; lastKnownFileType = sourcecode.swift; path = MineCellModel.swift; sourceTree = "<group>"; };
		94B9164C1EF21EE200AC91B9 /* NoLoginHeaderView.swift */ = {isa = PBXFileReference; fileEncoding = 4; lastKnownFileType = sourcecode.swift; path = NoLoginHeaderView.swift; sourceTree = "<group>"; };
		94B9164D1EF21EE200AC91B9 /* NoLoginHeaderView.xib */ = {isa = PBXFileReference; fileEncoding = 4; lastKnownFileType = file.xib; path = NoLoginHeaderView.xib; sourceTree = "<group>"; };
		94B9164E1EF21EE200AC91B9 /* VerticalButton.swift */ = {isa = PBXFileReference; fileEncoding = 4; lastKnownFileType = sourcecode.swift; path = VerticalButton.swift; sourceTree = "<group>"; };
		94B916501EF21EE200AC91B9 /* AppDelegate.swift */ = {isa = PBXFileReference; fileEncoding = 4; lastKnownFileType = sourcecode.swift; path = AppDelegate.swift; sourceTree = "<group>"; };
		94B916511EF21EE200AC91B9 /* Const.swift */ = {isa = PBXFileReference; fileEncoding = 4; lastKnownFileType = sourcecode.swift; path = Const.swift; sourceTree = "<group>"; };
		94B916521EF21EE200AC91B9 /* Info.plist */ = {isa = PBXFileReference; fileEncoding = 4; lastKnownFileType = text.plist.xml; path = Info.plist; sourceTree = "<group>"; };
		94B916531EF21EE200AC91B9 /* Main.storyboard */ = {isa = PBXFileReference; fileEncoding = 4; lastKnownFileType = file.storyboard; path = Main.storyboard; sourceTree = "<group>"; };
		94B916541EF21EE200AC91B9 /* MineCell.plist */ = {isa = PBXFileReference; fileEncoding = 4; lastKnownFileType = text.plist.xml; path = MineCell.plist; sourceTree = "<group>"; };
		94B916571EF21EE200AC91B9 /* VideoDetailController.swift */ = {isa = PBXFileReference; fileEncoding = 4; lastKnownFileType = sourcecode.swift; path = VideoDetailController.swift; sourceTree = "<group>"; };
		94B916581EF21EE200AC91B9 /* VideoTopicController.swift */ = {isa = PBXFileReference; fileEncoding = 4; lastKnownFileType = sourcecode.swift; path = VideoTopicController.swift; sourceTree = "<group>"; };
		94B916591EF21EE200AC91B9 /* VideoViewController.swift */ = {isa = PBXFileReference; fileEncoding = 4; lastKnownFileType = sourcecode.swift; path = VideoViewController.swift; sourceTree = "<group>"; };
		94B9165B1EF21EE200AC91B9 /* NewsTopic.swift */ = {isa = PBXFileReference; fileEncoding = 4; lastKnownFileType = sourcecode.swift; path = NewsTopic.swift; sourceTree = "<group>"; };
		94B9165C1EF21EE200AC91B9 /* TopTitle.swift */ = {isa = PBXFileReference; fileEncoding = 4; lastKnownFileType = sourcecode.swift; path = TopTitle.swift; sourceTree = "<group>"; };
		94B9165E1EF21EE300AC91B9 /* VideoTitleView.swift */ = {isa = PBXFileReference; fileEncoding = 4; lastKnownFileType = sourcecode.swift; path = VideoTitleView.swift; sourceTree = "<group>"; };
		94B9165F1EF21EE300AC91B9 /* VideoTopicCell.swift */ = {isa = PBXFileReference; fileEncoding = 4; lastKnownFileType = sourcecode.swift; path = VideoTopicCell.swift; sourceTree = "<group>"; };
		94B916601EF21EE300AC91B9 /* VideoTopicCell.xib */ = {isa = PBXFileReference; fileEncoding = 4; lastKnownFileType = file.xib; path = VideoTopicCell.xib; sourceTree = "<group>"; };
		94B916631EF21EE300AC91B9 /* AddFriendViewController.swift */ = {isa = PBXFileReference; fileEncoding = 4; lastKnownFileType = sourcecode.swift; path = AddFriendViewController.swift; sourceTree = "<group>"; };
		94B916641EF21EE300AC91B9 /* HeaderTextViewController.swift */ = {isa = PBXFileReference; fileEncoding = 4; lastKnownFileType = sourcecode.swift; path = HeaderTextViewController.swift; sourceTree = "<group>"; };
		94B916651EF21EE300AC91B9 /* LoginPopViewController.swift */ = {isa = PBXFileReference; fileEncoding = 4; lastKnownFileType = sourcecode.swift; path = LoginPopViewController.swift; sourceTree = "<group>"; };
		94B916661EF21EE300AC91B9 /* TellFriendsViewController.swift */ = {isa = PBXFileReference; fileEncoding = 4; lastKnownFileType = sourcecode.swift; path = TellFriendsViewController.swift; sourceTree = "<group>"; };
		94B916671EF21EE300AC91B9 /* WeiTouTiaoHeader.storyboard */ = {isa = PBXFileReference; fileEncoding = 4; lastKnownFileType = file.storyboard; path = WeiTouTiaoHeader.storyboard; sourceTree = "<group>"; };
		94B916681EF21EE300AC91B9 /* WeiTouTiaoViewController.swift */ = {isa = PBXFileReference; fileEncoding = 4; lastKnownFileType = sourcecode.swift; path = WeiTouTiaoViewController.swift; sourceTree = "<group>"; };
		94B9166B1EF21EE300AC91B9 /* NotNetworkView.swift */ = {isa = PBXFileReference; fileEncoding = 4; lastKnownFileType = sourcecode.swift; path = NotNetworkView.swift; sourceTree = "<group>"; };
		94B9166C1EF21EE300AC91B9 /* NotNetworkView.xib */ = {isa = PBXFileReference; fileEncoding = 4; lastKnownFileType = file.xib; path = NotNetworkView.xib; sourceTree = "<group>"; };
		94B9166D1EF21EE300AC91B9 /* WeiTouTiaoCell.swift */ = {isa = PBXFileReference; fileEncoding = 4; lastKnownFileType = sourcecode.swift; path = WeiTouTiaoCell.swift; sourceTree = "<group>"; };
		94B9166E1EF21EE300AC91B9 /* WeiTouTiaoCell.xib */ = {isa = PBXFileReference; fileEncoding = 4; lastKnownFileType = file.xib; path = WeiTouTiaoCell.xib; sourceTree = "<group>"; };
		94B9166F1EF21EE300AC91B9 /* WeitoutiaoHeaderView.swift */ = {isa = PBXFileReference; fileEncoding = 4; lastKnownFileType = sourcecode.swift; path = WeitoutiaoHeaderView.swift; sourceTree = "<group>"; };
		94B916701EF21EE300AC91B9 /* WeitoutiaoHeaderView.xib */ = {isa = PBXFileReference; fileEncoding = 4; lastKnownFileType = file.xib; path = WeitoutiaoHeaderView.xib; sourceTree = "<group>"; };
		94B916A31EF2311700AC91B9 /* WeiTouTiao.swift */ = {isa = PBXFileReference; fileEncoding = 4; lastKnownFileType = sourcecode.swift; path = WeiTouTiao.swift; sourceTree = "<group>"; };
		94B916A51EF2C34F00AC91B9 /* Date+Extension.swift */ = {isa = PBXFileReference; fileEncoding = 4; lastKnownFileType = sourcecode.swift; path = "Date+Extension.swift"; sourceTree = "<group>"; };
		94B916A71EF35EAE00AC91B9 /* String+Extension.swift */ = {isa = PBXFileReference; fileEncoding = 4; lastKnownFileType = sourcecode.swift; path = "String+Extension.swift"; sourceTree = "<group>"; };
		94B916AD1EF4039B00AC91B9 /* ThumbCollectionView.swift */ = {isa = PBXFileReference; fileEncoding = 4; lastKnownFileType = sourcecode.swift; path = ThumbCollectionView.swift; sourceTree = "<group>"; };
		94B916AF1EF4041E00AC91B9 /* ThumbCollectionViewCell.swift */ = {isa = PBXFileReference; fileEncoding = 4; lastKnownFileType = sourcecode.swift; path = ThumbCollectionViewCell.swift; sourceTree = "<group>"; };
		94B916B01EF4041E00AC91B9 /* ThumbCollectionViewCell.xib */ = {isa = PBXFileReference; fileEncoding = 4; lastKnownFileType = file.xib; path = ThumbCollectionViewCell.xib; sourceTree = "<group>"; };
		94B916ED1EF50A8900AC91B9 /* CellVideoView.swift */ = {isa = PBXFileReference; fileEncoding = 4; lastKnownFileType = sourcecode.swift; path = CellVideoView.swift; sourceTree = "<group>"; };
		94B916EF1EF50A9100AC91B9 /* CellVideoView.xib */ = {isa = PBXFileReference; fileEncoding = 4; lastKnownFileType = file.xib; path = CellVideoView.xib; sourceTree = "<group>"; };
		94B916F11EF5111200AC91B9 /* FeedShareViewController.swift */ = {isa = PBXFileReference; fileEncoding = 4; lastKnownFileType = sourcecode.swift; path = FeedShareViewController.swift; sourceTree = "<group>"; };
		94B916F31EF5144200AC91B9 /* PostFirstCell.swift */ = {isa = PBXFileReference; fileEncoding = 4; lastKnownFileType = sourcecode.swift; path = PostFirstCell.swift; sourceTree = "<group>"; };
		94B916F41EF5144200AC91B9 /* PostFirstCell.xib */ = {isa = PBXFileReference; fileEncoding = 4; lastKnownFileType = file.xib; path = PostFirstCell.xib; sourceTree = "<group>"; };
		94B916F71EF5144D00AC91B9 /* PostSecondCell.swift */ = {isa = PBXFileReference; fileEncoding = 4; lastKnownFileType = sourcecode.swift; path = PostSecondCell.swift; sourceTree = "<group>"; };
		94B916F81EF5144D00AC91B9 /* PostSecondCell.xib */ = {isa = PBXFileReference; fileEncoding = 4; lastKnownFileType = file.xib; path = PostSecondCell.xib; sourceTree = "<group>"; };
		94B916FD1EF666C600AC91B9 /* WeiTouTiaoUserController.swift */ = {isa = PBXFileReference; fileEncoding = 4; lastKnownFileType = sourcecode.swift; path = WeiTouTiaoUserController.swift; sourceTree = "<group>"; };
<<<<<<< HEAD
		EFA225101EFD75540035B92F /* MyConcernCell.swift */ = {isa = PBXFileReference; fileEncoding = 4; lastKnownFileType = sourcecode.swift; path = MyConcernCell.swift; sourceTree = "<group>"; };
		EFA225111EFD75540035B92F /* MyConcernCell.xib */ = {isa = PBXFileReference; fileEncoding = 4; lastKnownFileType = file.xib; path = MyConcernCell.xib; sourceTree = "<group>"; };
=======
		94FCD3D71F0132C300EC2584 /* AdvertiseViewController.swift */ = {isa = PBXFileReference; fileEncoding = 4; lastKnownFileType = sourcecode.swift; path = AdvertiseViewController.swift; sourceTree = "<group>"; };
		94FCD3D91F01367100EC2584 /* AdvertiseViewController.xib */ = {isa = PBXFileReference; fileEncoding = 4; lastKnownFileType = file.xib; path = AdvertiseViewController.xib; sourceTree = "<group>"; };
>>>>>>> bf3efec26c9277a1ebae6c89a1564ce51f5e1edf
		F6D7F701F546AA6431D7BF3A /* Pods-TodayNews.debug.xcconfig */ = {isa = PBXFileReference; includeInIndex = 1; lastKnownFileType = text.xcconfig; name = "Pods-TodayNews.debug.xcconfig"; path = "Pods/Target Support Files/Pods-TodayNews/Pods-TodayNews.debug.xcconfig"; sourceTree = "<group>"; };
/* End PBXFileReference section */

/* Begin PBXFrameworksBuildPhase section */
		94B915F41EF21E4A00AC91B9 /* Frameworks */ = {
			isa = PBXFrameworksBuildPhase;
			buildActionMask = 2147483647;
			files = (
				EE46BE76FC8C234C92296B82 /* Pods_TodayNews.framework in Frameworks */,
			);
			runOnlyForDeploymentPostprocessing = 0;
		};
		94B916081EF21E4A00AC91B9 /* Frameworks */ = {
			isa = PBXFrameworksBuildPhase;
			buildActionMask = 2147483647;
			files = (
			);
			runOnlyForDeploymentPostprocessing = 0;
		};
		94B916131EF21E4A00AC91B9 /* Frameworks */ = {
			isa = PBXFrameworksBuildPhase;
			buildActionMask = 2147483647;
			files = (
			);
			runOnlyForDeploymentPostprocessing = 0;
		};
/* End PBXFrameworksBuildPhase section */

/* Begin PBXGroup section */
		831FDBDD5036AA9DF4A9F3EE /* Frameworks */ = {
			isa = PBXGroup;
			children = (
				280B7838DD62799363838C22 /* Pods_TodayNews.framework */,
			);
			name = Frameworks;
			sourceTree = "<group>";
		};
		94B915EE1EF21E4A00AC91B9 = {
			isa = PBXGroup;
			children = (
				94B915F91EF21E4A00AC91B9 /* TodayNews */,
				94B9160E1EF21E4A00AC91B9 /* TodayNewsTests */,
				94B916191EF21E4A00AC91B9 /* TodayNewsUITests */,
				94B915F81EF21E4A00AC91B9 /* Products */,
				BCA504EC7911090A49B9D38B /* Pods */,
				831FDBDD5036AA9DF4A9F3EE /* Frameworks */,
			);
			sourceTree = "<group>";
		};
		94B915F81EF21E4A00AC91B9 /* Products */ = {
			isa = PBXGroup;
			children = (
				94B915F71EF21E4A00AC91B9 /* TodayNews.app */,
				94B9160B1EF21E4A00AC91B9 /* TodayNewsTests.xctest */,
				94B916161EF21E4A00AC91B9 /* TodayNewsUITests.xctest */,
			);
			name = Products;
			sourceTree = "<group>";
		};
		94B915F91EF21E4A00AC91B9 /* TodayNews */ = {
			isa = PBXGroup;
			children = (
				94B916281EF21EE200AC91B9 /* Classes */,
				94B916011EF21E4A00AC91B9 /* Assets.xcassets */,
			);
			path = TodayNews;
			sourceTree = "<group>";
		};
		94B9160E1EF21E4A00AC91B9 /* TodayNewsTests */ = {
			isa = PBXGroup;
			children = (
				94B9160F1EF21E4A00AC91B9 /* TodayNewsTests.swift */,
				94B916111EF21E4A00AC91B9 /* Info.plist */,
			);
			path = TodayNewsTests;
			sourceTree = "<group>";
		};
		94B916191EF21E4A00AC91B9 /* TodayNewsUITests */ = {
			isa = PBXGroup;
			children = (
				94B9161A1EF21E4A00AC91B9 /* TodayNewsUITests.swift */,
				94B9161C1EF21E4A00AC91B9 /* Info.plist */,
			);
			path = TodayNewsUITests;
			sourceTree = "<group>";
		};
		94B916281EF21EE200AC91B9 /* Classes */ = {
			isa = PBXGroup;
			children = (
				94B916291EF21EE200AC91B9 /* Home */,
				94B916551EF21EE200AC91B9 /* Video */,
				94B916611EF21EE300AC91B9 /* Weitoutiao */,
				94B916441EF21EE200AC91B9 /* Mine */,
				94B9163A1EF21EE200AC91B9 /* Main */,
				94B9164F1EF21EE200AC91B9 /* Others */,
			);
			path = Classes;
			sourceTree = "<group>";
		};
		94B916291EF21EE200AC91B9 /* Home */ = {
			isa = PBXGroup;
			children = (
				94B9162A1EF21EE200AC91B9 /* Controller */,
				94B9162E1EF21EE200AC91B9 /* Model */,
				94B916301EF21EE200AC91B9 /* View */,
			);
			path = Home;
			sourceTree = "<group>";
		};
		94B9162A1EF21EE200AC91B9 /* Controller */ = {
			isa = PBXGroup;
			children = (
				94B9162D1EF21EE200AC91B9 /* HomeViewController.swift */,
				94B9162B1EF21EE200AC91B9 /* HomeSearchViewController.swift */,
				94B9162C1EF21EE200AC91B9 /* HomeTopViewController.swift */,
			);
			path = Controller;
			sourceTree = "<group>";
		};
		94B9162E1EF21EE200AC91B9 /* Model */ = {
			isa = PBXGroup;
			children = (
				94B9162F1EF21EE200AC91B9 /* HomeTopTitle.swift */,
			);
			path = Model;
			sourceTree = "<group>";
		};
		94B916301EF21EE200AC91B9 /* View */ = {
			isa = PBXGroup;
			children = (
				94B916311EF21EE200AC91B9 /* HomeNavigationBar.swift */,
				94B916321EF21EE200AC91B9 /* HomeSearchBar.swift */,
				94B916351EF21EE200AC91B9 /* PageView.swift */,
				94B916341EF21EE200AC91B9 /* PageTitleView.swift */,
				94B916331EF21EE200AC91B9 /* PageContentView.swift */,
				94B916361EF21EE200AC91B9 /* SearchDefaultBackgroundView.swift */,
				94B916371EF21EE200AC91B9 /* SearchDefaultBackgroundView.xib */,
				94B916381EF21EE200AC91B9 /* SearchNavigationView.swift */,
			);
			path = View;
			sourceTree = "<group>";
		};
		94B9163A1EF21EE200AC91B9 /* Main */ = {
			isa = PBXGroup;
			children = (
				94B9163B1EF21EE200AC91B9 /* Category */,
				94B9163F1EF21EE200AC91B9 /* Controller */,
				94B916421EF21EE200AC91B9 /* Tools */,
			);
			path = Main;
			sourceTree = "<group>";
		};
		94B9163B1EF21EE200AC91B9 /* Category */ = {
			isa = PBXGroup;
			children = (
				94B9163C1EF21EE200AC91B9 /* UIColor+Extension.swift */,
				94B9163D1EF21EE200AC91B9 /* UIImage+Extension.swift */,
				94B9163E1EF21EE200AC91B9 /* UIView+Extension.swift */,
				94B916A51EF2C34F00AC91B9 /* Date+Extension.swift */,
				94B916A71EF35EAE00AC91B9 /* String+Extension.swift */,
			);
			path = Category;
			sourceTree = "<group>";
		};
		94B9163F1EF21EE200AC91B9 /* Controller */ = {
			isa = PBXGroup;
			children = (
				94B916401EF21EE200AC91B9 /* MyNavigationController.swift */,
				94B916411EF21EE200AC91B9 /* MyTabBarController.swift */,
				94FCD3D71F0132C300EC2584 /* AdvertiseViewController.swift */,
				94FCD3D91F01367100EC2584 /* AdvertiseViewController.xib */,
			);
			path = Controller;
			sourceTree = "<group>";
		};
		94B916421EF21EE200AC91B9 /* Tools */ = {
			isa = PBXGroup;
			children = (
				94B916431EF21EE200AC91B9 /* NetworkTool.swift */,
			);
			path = Tools;
			sourceTree = "<group>";
		};
		94B916441EF21EE200AC91B9 /* Mine */ = {
			isa = PBXGroup;
			children = (
				94B916451EF21EE200AC91B9 /* Controller */,
				94B916491EF21EE200AC91B9 /* Model */,
				94B9164B1EF21EE200AC91B9 /* View */,
			);
			path = Mine;
			sourceTree = "<group>";
		};
		94B916451EF21EE200AC91B9 /* Controller */ = {
			isa = PBXGroup;
			children = (
				94B916461EF21EE200AC91B9 /* MineViewController.swift */,
				94B916471EF21EE200AC91B9 /* MoreLoginViewController.storyboard */,
				94B916481EF21EE200AC91B9 /* MoreLoginViewController.swift */,
				947BE9531F0004F7009E7961 /* MyConcernController.swift */,
				947BE9511F0000E4009E7961 /* FollowDetailViewController.swift */,
			);
			path = Controller;
			sourceTree = "<group>";
		};
		94B916491EF21EE200AC91B9 /* Model */ = {
			isa = PBXGroup;
			children = (
				94B9164A1EF21EE200AC91B9 /* MineCellModel.swift */,
			);
			path = Model;
			sourceTree = "<group>";
		};
		94B9164B1EF21EE200AC91B9 /* View */ = {
			isa = PBXGroup;
			children = (
				EFA225101EFD75540035B92F /* MyConcernCell.swift */,
				EFA225111EFD75540035B92F /* MyConcernCell.xib */,
				94B9164C1EF21EE200AC91B9 /* NoLoginHeaderView.swift */,
				94B9164D1EF21EE200AC91B9 /* NoLoginHeaderView.xib */,
				94B9164E1EF21EE200AC91B9 /* VerticalButton.swift */,
				947BE93B1EFB8A5E009E7961 /* MineFirstSectionCell.swift */,
				947BE93C1EFB8A5E009E7961 /* MineFirstSectionCell.xib */,
				947BE9371EFB8A47009E7961 /* MineOtherCell.swift */,
				947BE9381EFB8A47009E7961 /* MineOtherCell.xib */,
				947BE94D1EFD639C009E7961 /* MyConcernCell.swift */,
				947BE94E1EFD639C009E7961 /* MyConcernCell.xib */,
			);
			path = View;
			sourceTree = "<group>";
		};
		94B9164F1EF21EE200AC91B9 /* Others */ = {
			isa = PBXGroup;
			children = (
				94B916501EF21EE200AC91B9 /* AppDelegate.swift */,
				94B916511EF21EE200AC91B9 /* Const.swift */,
				94B916521EF21EE200AC91B9 /* Info.plist */,
				94B916531EF21EE200AC91B9 /* Main.storyboard */,
				94B916541EF21EE200AC91B9 /* MineCell.plist */,
			);
			path = Others;
			sourceTree = "<group>";
		};
		94B916551EF21EE200AC91B9 /* Video */ = {
			isa = PBXGroup;
			children = (
				94B916561EF21EE200AC91B9 /* Controller */,
				94B9165A1EF21EE200AC91B9 /* Model */,
				94B9165D1EF21EE300AC91B9 /* View */,
			);
			path = Video;
			sourceTree = "<group>";
		};
		94B916561EF21EE200AC91B9 /* Controller */ = {
			isa = PBXGroup;
			children = (
				94B916591EF21EE200AC91B9 /* VideoViewController.swift */,
				94B916581EF21EE200AC91B9 /* VideoTopicController.swift */,
				94B916571EF21EE200AC91B9 /* VideoDetailController.swift */,
			);
			path = Controller;
			sourceTree = "<group>";
		};
		94B9165A1EF21EE200AC91B9 /* Model */ = {
			isa = PBXGroup;
			children = (
				94B9165B1EF21EE200AC91B9 /* NewsTopic.swift */,
				94B9165C1EF21EE200AC91B9 /* TopTitle.swift */,
			);
			path = Model;
			sourceTree = "<group>";
		};
		94B9165D1EF21EE300AC91B9 /* View */ = {
			isa = PBXGroup;
			children = (
				94B9165E1EF21EE300AC91B9 /* VideoTitleView.swift */,
				94B9165F1EF21EE300AC91B9 /* VideoTopicCell.swift */,
				94B916601EF21EE300AC91B9 /* VideoTopicCell.xib */,
				946D2D8C1EF7763B0060A9C3 /* NavTitleStyle.swift */,
			);
			path = View;
			sourceTree = "<group>";
		};
		94B916611EF21EE300AC91B9 /* Weitoutiao */ = {
			isa = PBXGroup;
			children = (
				94B916621EF21EE300AC91B9 /* Controller */,
				94B916691EF21EE300AC91B9 /* Model */,
				94B9166A1EF21EE300AC91B9 /* View */,
			);
			path = Weitoutiao;
			sourceTree = "<group>";
		};
		94B916621EF21EE300AC91B9 /* Controller */ = {
			isa = PBXGroup;
			children = (
				94B916681EF21EE300AC91B9 /* WeiTouTiaoViewController.swift */,
				94B916631EF21EE300AC91B9 /* AddFriendViewController.swift */,
				94B916641EF21EE300AC91B9 /* HeaderTextViewController.swift */,
				94B916651EF21EE300AC91B9 /* LoginPopViewController.swift */,
				94B916661EF21EE300AC91B9 /* TellFriendsViewController.swift */,
				94B916671EF21EE300AC91B9 /* WeiTouTiaoHeader.storyboard */,
				94B916F11EF5111200AC91B9 /* FeedShareViewController.swift */,
				94B916FD1EF666C600AC91B9 /* WeiTouTiaoUserController.swift */,
			);
			path = Controller;
			sourceTree = "<group>";
		};
		94B916691EF21EE300AC91B9 /* Model */ = {
			isa = PBXGroup;
			children = (
				94B916A31EF2311700AC91B9 /* WeiTouTiao.swift */,
			);
			path = Model;
			sourceTree = "<group>";
		};
		94B9166A1EF21EE300AC91B9 /* View */ = {
			isa = PBXGroup;
			children = (
				94B9166B1EF21EE300AC91B9 /* NotNetworkView.swift */,
				94B9166C1EF21EE300AC91B9 /* NotNetworkView.xib */,
				94B9166D1EF21EE300AC91B9 /* WeiTouTiaoCell.swift */,
				94B9166E1EF21EE300AC91B9 /* WeiTouTiaoCell.xib */,
				94B9166F1EF21EE300AC91B9 /* WeitoutiaoHeaderView.swift */,
				94B916701EF21EE300AC91B9 /* WeitoutiaoHeaderView.xib */,
				94B916AD1EF4039B00AC91B9 /* ThumbCollectionView.swift */,
				94B916AF1EF4041E00AC91B9 /* ThumbCollectionViewCell.swift */,
				94B916B01EF4041E00AC91B9 /* ThumbCollectionViewCell.xib */,
				94B916ED1EF50A8900AC91B9 /* CellVideoView.swift */,
				94B916EF1EF50A9100AC91B9 /* CellVideoView.xib */,
				94B916F31EF5144200AC91B9 /* PostFirstCell.swift */,
				94B916F41EF5144200AC91B9 /* PostFirstCell.xib */,
				94B916F71EF5144D00AC91B9 /* PostSecondCell.swift */,
				94B916F81EF5144D00AC91B9 /* PostSecondCell.xib */,
			);
			path = View;
			sourceTree = "<group>";
		};
		BCA504EC7911090A49B9D38B /* Pods */ = {
			isa = PBXGroup;
			children = (
				F6D7F701F546AA6431D7BF3A /* Pods-TodayNews.debug.xcconfig */,
				02685576E86BA3B5571B5E4D /* Pods-TodayNews.release.xcconfig */,
			);
			name = Pods;
			sourceTree = "<group>";
		};
/* End PBXGroup section */

/* Begin PBXNativeTarget section */
		94B915F61EF21E4A00AC91B9 /* TodayNews */ = {
			isa = PBXNativeTarget;
			buildConfigurationList = 94B9161F1EF21E4A00AC91B9 /* Build configuration list for PBXNativeTarget "TodayNews" */;
			buildPhases = (
				30734B1882845ED2533702EF /* [CP] Check Pods Manifest.lock */,
				94B915F31EF21E4A00AC91B9 /* Sources */,
				94B915F41EF21E4A00AC91B9 /* Frameworks */,
				94B915F51EF21E4A00AC91B9 /* Resources */,
				BBEE5CF1D616182FA26C3D29 /* [CP] Embed Pods Frameworks */,
				5A1FD64269C206A3EAE0F6C9 /* [CP] Copy Pods Resources */,
			);
			buildRules = (
			);
			dependencies = (
			);
			name = TodayNews;
			productName = TodayNews;
			productReference = 94B915F71EF21E4A00AC91B9 /* TodayNews.app */;
			productType = "com.apple.product-type.application";
		};
		94B9160A1EF21E4A00AC91B9 /* TodayNewsTests */ = {
			isa = PBXNativeTarget;
			buildConfigurationList = 94B916221EF21E4A00AC91B9 /* Build configuration list for PBXNativeTarget "TodayNewsTests" */;
			buildPhases = (
				94B916071EF21E4A00AC91B9 /* Sources */,
				94B916081EF21E4A00AC91B9 /* Frameworks */,
				94B916091EF21E4A00AC91B9 /* Resources */,
			);
			buildRules = (
			);
			dependencies = (
				94B9160D1EF21E4A00AC91B9 /* PBXTargetDependency */,
			);
			name = TodayNewsTests;
			productName = TodayNewsTests;
			productReference = 94B9160B1EF21E4A00AC91B9 /* TodayNewsTests.xctest */;
			productType = "com.apple.product-type.bundle.unit-test";
		};
		94B916151EF21E4A00AC91B9 /* TodayNewsUITests */ = {
			isa = PBXNativeTarget;
			buildConfigurationList = 94B916251EF21E4A00AC91B9 /* Build configuration list for PBXNativeTarget "TodayNewsUITests" */;
			buildPhases = (
				94B916121EF21E4A00AC91B9 /* Sources */,
				94B916131EF21E4A00AC91B9 /* Frameworks */,
				94B916141EF21E4A00AC91B9 /* Resources */,
			);
			buildRules = (
			);
			dependencies = (
				94B916181EF21E4A00AC91B9 /* PBXTargetDependency */,
			);
			name = TodayNewsUITests;
			productName = TodayNewsUITests;
			productReference = 94B916161EF21E4A00AC91B9 /* TodayNewsUITests.xctest */;
			productType = "com.apple.product-type.bundle.ui-testing";
		};
/* End PBXNativeTarget section */

/* Begin PBXProject section */
		94B915EF1EF21E4A00AC91B9 /* Project object */ = {
			isa = PBXProject;
			attributes = {
				LastSwiftUpdateCheck = 0830;
				LastUpgradeCheck = 0830;
				ORGANIZATIONNAME = hrscy;
				TargetAttributes = {
					94B915F61EF21E4A00AC91B9 = {
						CreatedOnToolsVersion = 8.3.2;
						DevelopmentTeam = CK4C7KZJ97;
						ProvisioningStyle = Automatic;
					};
					94B9160A1EF21E4A00AC91B9 = {
						CreatedOnToolsVersion = 8.3.2;
						DevelopmentTeam = CK4C7KZJ97;
						ProvisioningStyle = Automatic;
						TestTargetID = 94B915F61EF21E4A00AC91B9;
					};
					94B916151EF21E4A00AC91B9 = {
						CreatedOnToolsVersion = 8.3.2;
						DevelopmentTeam = CK4C7KZJ97;
						ProvisioningStyle = Automatic;
						TestTargetID = 94B915F61EF21E4A00AC91B9;
					};
				};
			};
			buildConfigurationList = 94B915F21EF21E4A00AC91B9 /* Build configuration list for PBXProject "TodayNews" */;
			compatibilityVersion = "Xcode 3.2";
			developmentRegion = English;
			hasScannedForEncodings = 0;
			knownRegions = (
				en,
				Base,
			);
			mainGroup = 94B915EE1EF21E4A00AC91B9;
			productRefGroup = 94B915F81EF21E4A00AC91B9 /* Products */;
			projectDirPath = "";
			projectRoot = "";
			targets = (
				94B915F61EF21E4A00AC91B9 /* TodayNews */,
				94B9160A1EF21E4A00AC91B9 /* TodayNewsTests */,
				94B916151EF21E4A00AC91B9 /* TodayNewsUITests */,
			);
		};
/* End PBXProject section */

/* Begin PBXResourcesBuildPhase section */
		94B915F51EF21E4A00AC91B9 /* Resources */ = {
			isa = PBXResourcesBuildPhase;
			buildActionMask = 2147483647;
			files = (
				94B916881EF21EE300AC91B9 /* NoLoginHeaderView.xib in Resources */,
				94B916A01EF21EE300AC91B9 /* WeiTouTiaoCell.xib in Resources */,
				94B916F61EF5144200AC91B9 /* PostFirstCell.xib in Resources */,
				947BE93E1EFB8A5E009E7961 /* MineFirstSectionCell.xib in Resources */,
				94B916961EF21EE300AC91B9 /* VideoTopicCell.xib in Resources */,
				94B9167B1EF21EE300AC91B9 /* SearchDefaultBackgroundView.xib in Resources */,
				947BE93A1EFB8A47009E7961 /* MineOtherCell.xib in Resources */,
				94B916F01EF50A9100AC91B9 /* CellVideoView.xib in Resources */,
				94B916021EF21E4A00AC91B9 /* Assets.xcassets in Resources */,
				94B9169B1EF21EE300AC91B9 /* WeiTouTiaoHeader.storyboard in Resources */,
<<<<<<< HEAD
				EFA225131EFD75540035B92F /* MyConcernCell.xib in Resources */,
=======
				947BE9501EFD639C009E7961 /* MyConcernCell.xib in Resources */,
>>>>>>> bf3efec26c9277a1ebae6c89a1564ce51f5e1edf
				94B9168E1EF21EE300AC91B9 /* MineCell.plist in Resources */,
				94B916B21EF4041E00AC91B9 /* ThumbCollectionViewCell.xib in Resources */,
				94B916A21EF21EE300AC91B9 /* WeitoutiaoHeaderView.xib in Resources */,
				94B9168D1EF21EE300AC91B9 /* Main.storyboard in Resources */,
				94B916FA1EF5144D00AC91B9 /* PostSecondCell.xib in Resources */,
				94FCD3DA1F01367100EC2584 /* AdvertiseViewController.xib in Resources */,
				94B9169E1EF21EE300AC91B9 /* NotNetworkView.xib in Resources */,
				94B916841EF21EE300AC91B9 /* MoreLoginViewController.storyboard in Resources */,
			);
			runOnlyForDeploymentPostprocessing = 0;
		};
		94B916091EF21E4A00AC91B9 /* Resources */ = {
			isa = PBXResourcesBuildPhase;
			buildActionMask = 2147483647;
			files = (
			);
			runOnlyForDeploymentPostprocessing = 0;
		};
		94B916141EF21E4A00AC91B9 /* Resources */ = {
			isa = PBXResourcesBuildPhase;
			buildActionMask = 2147483647;
			files = (
			);
			runOnlyForDeploymentPostprocessing = 0;
		};
/* End PBXResourcesBuildPhase section */

/* Begin PBXShellScriptBuildPhase section */
		30734B1882845ED2533702EF /* [CP] Check Pods Manifest.lock */ = {
			isa = PBXShellScriptBuildPhase;
			buildActionMask = 2147483647;
			files = (
			);
			inputPaths = (
			);
			name = "[CP] Check Pods Manifest.lock";
			outputPaths = (
			);
			runOnlyForDeploymentPostprocessing = 0;
			shellPath = /bin/sh;
			shellScript = "diff \"${PODS_ROOT}/../Podfile.lock\" \"${PODS_ROOT}/Manifest.lock\" > /dev/null\nif [ $? != 0 ] ; then\n    # print error to STDERR\n    echo \"error: The sandbox is not in sync with the Podfile.lock. Run 'pod install' or update your CocoaPods installation.\" >&2\n    exit 1\nfi\n";
			showEnvVarsInLog = 0;
		};
		5A1FD64269C206A3EAE0F6C9 /* [CP] Copy Pods Resources */ = {
			isa = PBXShellScriptBuildPhase;
			buildActionMask = 2147483647;
			files = (
			);
			inputPaths = (
			);
			name = "[CP] Copy Pods Resources";
			outputPaths = (
			);
			runOnlyForDeploymentPostprocessing = 0;
			shellPath = /bin/sh;
			shellScript = "\"${SRCROOT}/Pods/Target Support Files/Pods-TodayNews/Pods-TodayNews-resources.sh\"\n";
			showEnvVarsInLog = 0;
		};
		BBEE5CF1D616182FA26C3D29 /* [CP] Embed Pods Frameworks */ = {
			isa = PBXShellScriptBuildPhase;
			buildActionMask = 2147483647;
			files = (
			);
			inputPaths = (
			);
			name = "[CP] Embed Pods Frameworks";
			outputPaths = (
			);
			runOnlyForDeploymentPostprocessing = 0;
			shellPath = /bin/sh;
			shellScript = "\"${SRCROOT}/Pods/Target Support Files/Pods-TodayNews/Pods-TodayNews-frameworks.sh\"\n";
			showEnvVarsInLog = 0;
		};
/* End PBXShellScriptBuildPhase section */

/* Begin PBXSourcesBuildPhase section */
		94B915F31EF21E4A00AC91B9 /* Sources */ = {
			isa = PBXSourcesBuildPhase;
			buildActionMask = 2147483647;
			files = (
				94B916F21EF5111200AC91B9 /* FeedShareViewController.swift in Sources */,
				94B916F51EF5144200AC91B9 /* PostFirstCell.swift in Sources */,
				94B9167E1EF21EE300AC91B9 /* UIImage+Extension.swift in Sources */,
				94B916781EF21EE300AC91B9 /* PageTitleView.swift in Sources */,
				94B916911EF21EE300AC91B9 /* VideoViewController.swift in Sources */,
				94B916711EF21EE300AC91B9 /* HomeSearchViewController.swift in Sources */,
				94B916801EF21EE300AC91B9 /* MyNavigationController.swift in Sources */,
				94B916981EF21EE300AC91B9 /* HeaderTextViewController.swift in Sources */,
				94B916FE1EF666C600AC91B9 /* WeiTouTiaoUserController.swift in Sources */,
				94B916871EF21EE300AC91B9 /* NoLoginHeaderView.swift in Sources */,
				94B9168B1EF21EE300AC91B9 /* Const.swift in Sources */,
				94B9167C1EF21EE300AC91B9 /* SearchNavigationView.swift in Sources */,
				94B9167D1EF21EE300AC91B9 /* UIColor+Extension.swift in Sources */,
				94B916941EF21EE300AC91B9 /* VideoTitleView.swift in Sources */,
				94B916751EF21EE300AC91B9 /* HomeNavigationBar.swift in Sources */,
				947BE9391EFB8A47009E7961 /* MineOtherCell.swift in Sources */,
				94B916A61EF2C34F00AC91B9 /* Date+Extension.swift in Sources */,
				94B916951EF21EE300AC91B9 /* VideoTopicCell.swift in Sources */,
				94B916721EF21EE300AC91B9 /* HomeTopViewController.swift in Sources */,
				94B916B11EF4041E00AC91B9 /* ThumbCollectionViewCell.swift in Sources */,
				94B9167A1EF21EE300AC91B9 /* SearchDefaultBackgroundView.swift in Sources */,
				94B916821EF21EE300AC91B9 /* NetworkTool.swift in Sources */,
				94B916EE1EF50A8900AC91B9 /* CellVideoView.swift in Sources */,
				94B916811EF21EE300AC91B9 /* MyTabBarController.swift in Sources */,
				94B916901EF21EE300AC91B9 /* VideoTopicController.swift in Sources */,
				94B916A11EF21EE300AC91B9 /* WeitoutiaoHeaderView.swift in Sources */,
				94B916AE1EF4039B00AC91B9 /* ThumbCollectionView.swift in Sources */,
				94B9169A1EF21EE300AC91B9 /* TellFriendsViewController.swift in Sources */,
				94B916831EF21EE300AC91B9 /* MineViewController.swift in Sources */,
				947BE9541F0004F7009E7961 /* MyConcernController.swift in Sources */,
				94B916A81EF35EAE00AC91B9 /* String+Extension.swift in Sources */,
				947BE9521F0000E4009E7961 /* FollowDetailViewController.swift in Sources */,
				94B9167F1EF21EE300AC91B9 /* UIView+Extension.swift in Sources */,
				947BE93D1EFB8A5E009E7961 /* MineFirstSectionCell.swift in Sources */,
				94B916771EF21EE300AC91B9 /* PageContentView.swift in Sources */,
				94B916931EF21EE300AC91B9 /* TopTitle.swift in Sources */,
				94B916921EF21EE300AC91B9 /* NewsTopic.swift in Sources */,
				94B916731EF21EE300AC91B9 /* HomeViewController.swift in Sources */,
				94B916F91EF5144D00AC91B9 /* PostSecondCell.swift in Sources */,
				94B916991EF21EE300AC91B9 /* LoginPopViewController.swift in Sources */,
				94B916761EF21EE300AC91B9 /* HomeSearchBar.swift in Sources */,
				94B9169F1EF21EE300AC91B9 /* WeiTouTiaoCell.swift in Sources */,
				94B916971EF21EE300AC91B9 /* AddFriendViewController.swift in Sources */,
				94B916891EF21EE300AC91B9 /* VerticalButton.swift in Sources */,
				94B916791EF21EE300AC91B9 /* PageView.swift in Sources */,
				94B9169C1EF21EE300AC91B9 /* WeiTouTiaoViewController.swift in Sources */,
				94FCD3D81F0132C300EC2584 /* AdvertiseViewController.swift in Sources */,
				94B916851EF21EE300AC91B9 /* MoreLoginViewController.swift in Sources */,
				94B9169D1EF21EE300AC91B9 /* NotNetworkView.swift in Sources */,
<<<<<<< HEAD
				EFA225121EFD75540035B92F /* MyConcernCell.swift in Sources */,
=======
				947BE94F1EFD639C009E7961 /* MyConcernCell.swift in Sources */,
>>>>>>> bf3efec26c9277a1ebae6c89a1564ce51f5e1edf
				946D2D8D1EF7763B0060A9C3 /* NavTitleStyle.swift in Sources */,
				94B916861EF21EE300AC91B9 /* MineCellModel.swift in Sources */,
				94B9168F1EF21EE300AC91B9 /* VideoDetailController.swift in Sources */,
				94B916A41EF2311700AC91B9 /* WeiTouTiao.swift in Sources */,
				94B916741EF21EE300AC91B9 /* HomeTopTitle.swift in Sources */,
				94B9168A1EF21EE300AC91B9 /* AppDelegate.swift in Sources */,
			);
			runOnlyForDeploymentPostprocessing = 0;
		};
		94B916071EF21E4A00AC91B9 /* Sources */ = {
			isa = PBXSourcesBuildPhase;
			buildActionMask = 2147483647;
			files = (
				94B916101EF21E4A00AC91B9 /* TodayNewsTests.swift in Sources */,
			);
			runOnlyForDeploymentPostprocessing = 0;
		};
		94B916121EF21E4A00AC91B9 /* Sources */ = {
			isa = PBXSourcesBuildPhase;
			buildActionMask = 2147483647;
			files = (
				94B9161B1EF21E4A00AC91B9 /* TodayNewsUITests.swift in Sources */,
			);
			runOnlyForDeploymentPostprocessing = 0;
		};
/* End PBXSourcesBuildPhase section */

/* Begin PBXTargetDependency section */
		94B9160D1EF21E4A00AC91B9 /* PBXTargetDependency */ = {
			isa = PBXTargetDependency;
			target = 94B915F61EF21E4A00AC91B9 /* TodayNews */;
			targetProxy = 94B9160C1EF21E4A00AC91B9 /* PBXContainerItemProxy */;
		};
		94B916181EF21E4A00AC91B9 /* PBXTargetDependency */ = {
			isa = PBXTargetDependency;
			target = 94B915F61EF21E4A00AC91B9 /* TodayNews */;
			targetProxy = 94B916171EF21E4A00AC91B9 /* PBXContainerItemProxy */;
		};
/* End PBXTargetDependency section */

/* Begin XCBuildConfiguration section */
		94B9161D1EF21E4A00AC91B9 /* Debug */ = {
			isa = XCBuildConfiguration;
			buildSettings = {
				ALWAYS_SEARCH_USER_PATHS = NO;
				CLANG_ANALYZER_NONNULL = YES;
				CLANG_ANALYZER_NUMBER_OBJECT_CONVERSION = YES_AGGRESSIVE;
				CLANG_CXX_LANGUAGE_STANDARD = "gnu++0x";
				CLANG_CXX_LIBRARY = "libc++";
				CLANG_ENABLE_MODULES = YES;
				CLANG_ENABLE_OBJC_ARC = YES;
				CLANG_WARN_BOOL_CONVERSION = YES;
				CLANG_WARN_CONSTANT_CONVERSION = YES;
				CLANG_WARN_DIRECT_OBJC_ISA_USAGE = YES_ERROR;
				CLANG_WARN_DOCUMENTATION_COMMENTS = YES;
				CLANG_WARN_EMPTY_BODY = YES;
				CLANG_WARN_ENUM_CONVERSION = YES;
				CLANG_WARN_INFINITE_RECURSION = YES;
				CLANG_WARN_INT_CONVERSION = YES;
				CLANG_WARN_OBJC_ROOT_CLASS = YES_ERROR;
				CLANG_WARN_SUSPICIOUS_MOVE = YES;
				CLANG_WARN_UNREACHABLE_CODE = YES;
				CLANG_WARN__DUPLICATE_METHOD_MATCH = YES;
				"CODE_SIGN_IDENTITY[sdk=iphoneos*]" = "iPhone Developer";
				COPY_PHASE_STRIP = NO;
				DEBUG_INFORMATION_FORMAT = dwarf;
				ENABLE_STRICT_OBJC_MSGSEND = YES;
				ENABLE_TESTABILITY = YES;
				GCC_C_LANGUAGE_STANDARD = gnu99;
				GCC_DYNAMIC_NO_PIC = NO;
				GCC_NO_COMMON_BLOCKS = YES;
				GCC_OPTIMIZATION_LEVEL = 0;
				GCC_PREPROCESSOR_DEFINITIONS = (
					"DEBUG=1",
					"$(inherited)",
				);
				GCC_WARN_64_TO_32_BIT_CONVERSION = YES;
				GCC_WARN_ABOUT_RETURN_TYPE = YES_ERROR;
				GCC_WARN_UNDECLARED_SELECTOR = YES;
				GCC_WARN_UNINITIALIZED_AUTOS = YES_AGGRESSIVE;
				GCC_WARN_UNUSED_FUNCTION = YES;
				GCC_WARN_UNUSED_VARIABLE = YES;
				IPHONEOS_DEPLOYMENT_TARGET = 10.3;
				MTL_ENABLE_DEBUG_INFO = YES;
				ONLY_ACTIVE_ARCH = YES;
				SDKROOT = iphoneos;
				SWIFT_ACTIVE_COMPILATION_CONDITIONS = DEBUG;
				SWIFT_OPTIMIZATION_LEVEL = "-Onone";
			};
			name = Debug;
		};
		94B9161E1EF21E4A00AC91B9 /* Release */ = {
			isa = XCBuildConfiguration;
			buildSettings = {
				ALWAYS_SEARCH_USER_PATHS = NO;
				CLANG_ANALYZER_NONNULL = YES;
				CLANG_ANALYZER_NUMBER_OBJECT_CONVERSION = YES_AGGRESSIVE;
				CLANG_CXX_LANGUAGE_STANDARD = "gnu++0x";
				CLANG_CXX_LIBRARY = "libc++";
				CLANG_ENABLE_MODULES = YES;
				CLANG_ENABLE_OBJC_ARC = YES;
				CLANG_WARN_BOOL_CONVERSION = YES;
				CLANG_WARN_CONSTANT_CONVERSION = YES;
				CLANG_WARN_DIRECT_OBJC_ISA_USAGE = YES_ERROR;
				CLANG_WARN_DOCUMENTATION_COMMENTS = YES;
				CLANG_WARN_EMPTY_BODY = YES;
				CLANG_WARN_ENUM_CONVERSION = YES;
				CLANG_WARN_INFINITE_RECURSION = YES;
				CLANG_WARN_INT_CONVERSION = YES;
				CLANG_WARN_OBJC_ROOT_CLASS = YES_ERROR;
				CLANG_WARN_SUSPICIOUS_MOVE = YES;
				CLANG_WARN_UNREACHABLE_CODE = YES;
				CLANG_WARN__DUPLICATE_METHOD_MATCH = YES;
				"CODE_SIGN_IDENTITY[sdk=iphoneos*]" = "iPhone Developer";
				COPY_PHASE_STRIP = NO;
				DEBUG_INFORMATION_FORMAT = "dwarf-with-dsym";
				ENABLE_NS_ASSERTIONS = NO;
				ENABLE_STRICT_OBJC_MSGSEND = YES;
				GCC_C_LANGUAGE_STANDARD = gnu99;
				GCC_NO_COMMON_BLOCKS = YES;
				GCC_WARN_64_TO_32_BIT_CONVERSION = YES;
				GCC_WARN_ABOUT_RETURN_TYPE = YES_ERROR;
				GCC_WARN_UNDECLARED_SELECTOR = YES;
				GCC_WARN_UNINITIALIZED_AUTOS = YES_AGGRESSIVE;
				GCC_WARN_UNUSED_FUNCTION = YES;
				GCC_WARN_UNUSED_VARIABLE = YES;
				IPHONEOS_DEPLOYMENT_TARGET = 10.3;
				MTL_ENABLE_DEBUG_INFO = NO;
				SDKROOT = iphoneos;
				SWIFT_OPTIMIZATION_LEVEL = "-Owholemodule";
				VALIDATE_PRODUCT = YES;
			};
			name = Release;
		};
		94B916201EF21E4A00AC91B9 /* Debug */ = {
			isa = XCBuildConfiguration;
			baseConfigurationReference = F6D7F701F546AA6431D7BF3A /* Pods-TodayNews.debug.xcconfig */;
			buildSettings = {
				ASSETCATALOG_COMPILER_APPICON_NAME = AppIcon;
				ASSETCATALOG_COMPILER_LAUNCHIMAGE_NAME = LaunchImage;
				DEVELOPMENT_TEAM = CK4C7KZJ97;
				INFOPLIST_FILE = "$(SRCROOT)/TodayNews/Classes/Others/Info.plist";
				IPHONEOS_DEPLOYMENT_TARGET = 9.3;
				LD_RUNPATH_SEARCH_PATHS = "$(inherited) @executable_path/Frameworks";
				PRODUCT_BUNDLE_IDENTIFIER = "-63.com.TodayNews";
				PRODUCT_NAME = "$(TARGET_NAME)";
				SWIFT_VERSION = 3.0;
			};
			name = Debug;
		};
		94B916211EF21E4A00AC91B9 /* Release */ = {
			isa = XCBuildConfiguration;
			baseConfigurationReference = 02685576E86BA3B5571B5E4D /* Pods-TodayNews.release.xcconfig */;
			buildSettings = {
				ASSETCATALOG_COMPILER_APPICON_NAME = AppIcon;
				ASSETCATALOG_COMPILER_LAUNCHIMAGE_NAME = LaunchImage;
				DEVELOPMENT_TEAM = CK4C7KZJ97;
				INFOPLIST_FILE = "$(SRCROOT)/TodayNews/Classes/Others/Info.plist";
				IPHONEOS_DEPLOYMENT_TARGET = 9.3;
				LD_RUNPATH_SEARCH_PATHS = "$(inherited) @executable_path/Frameworks";
				PRODUCT_BUNDLE_IDENTIFIER = "-63.com.TodayNews";
				PRODUCT_NAME = "$(TARGET_NAME)";
				SWIFT_VERSION = 3.0;
			};
			name = Release;
		};
		94B916231EF21E4A00AC91B9 /* Debug */ = {
			isa = XCBuildConfiguration;
			buildSettings = {
				ALWAYS_EMBED_SWIFT_STANDARD_LIBRARIES = YES;
				BUNDLE_LOADER = "$(TEST_HOST)";
				DEVELOPMENT_TEAM = CK4C7KZJ97;
				INFOPLIST_FILE = TodayNewsTests/Info.plist;
				LD_RUNPATH_SEARCH_PATHS = "$(inherited) @executable_path/Frameworks @loader_path/Frameworks";
				PRODUCT_BUNDLE_IDENTIFIER = com.hrscy.TodayNewsTests;
				PRODUCT_NAME = "$(TARGET_NAME)";
				SWIFT_VERSION = 3.0;
				TEST_HOST = "$(BUILT_PRODUCTS_DIR)/TodayNews.app/TodayNews";
			};
			name = Debug;
		};
		94B916241EF21E4A00AC91B9 /* Release */ = {
			isa = XCBuildConfiguration;
			buildSettings = {
				ALWAYS_EMBED_SWIFT_STANDARD_LIBRARIES = YES;
				BUNDLE_LOADER = "$(TEST_HOST)";
				DEVELOPMENT_TEAM = CK4C7KZJ97;
				INFOPLIST_FILE = TodayNewsTests/Info.plist;
				LD_RUNPATH_SEARCH_PATHS = "$(inherited) @executable_path/Frameworks @loader_path/Frameworks";
				PRODUCT_BUNDLE_IDENTIFIER = com.hrscy.TodayNewsTests;
				PRODUCT_NAME = "$(TARGET_NAME)";
				SWIFT_VERSION = 3.0;
				TEST_HOST = "$(BUILT_PRODUCTS_DIR)/TodayNews.app/TodayNews";
			};
			name = Release;
		};
		94B916261EF21E4A00AC91B9 /* Debug */ = {
			isa = XCBuildConfiguration;
			buildSettings = {
				ALWAYS_EMBED_SWIFT_STANDARD_LIBRARIES = YES;
				DEVELOPMENT_TEAM = CK4C7KZJ97;
				INFOPLIST_FILE = TodayNewsUITests/Info.plist;
				LD_RUNPATH_SEARCH_PATHS = "$(inherited) @executable_path/Frameworks @loader_path/Frameworks";
				PRODUCT_BUNDLE_IDENTIFIER = com.hrscy.TodayNewsUITests;
				PRODUCT_NAME = "$(TARGET_NAME)";
				SWIFT_VERSION = 3.0;
				TEST_TARGET_NAME = TodayNews;
			};
			name = Debug;
		};
		94B916271EF21E4A00AC91B9 /* Release */ = {
			isa = XCBuildConfiguration;
			buildSettings = {
				ALWAYS_EMBED_SWIFT_STANDARD_LIBRARIES = YES;
				DEVELOPMENT_TEAM = CK4C7KZJ97;
				INFOPLIST_FILE = TodayNewsUITests/Info.plist;
				LD_RUNPATH_SEARCH_PATHS = "$(inherited) @executable_path/Frameworks @loader_path/Frameworks";
				PRODUCT_BUNDLE_IDENTIFIER = com.hrscy.TodayNewsUITests;
				PRODUCT_NAME = "$(TARGET_NAME)";
				SWIFT_VERSION = 3.0;
				TEST_TARGET_NAME = TodayNews;
			};
			name = Release;
		};
/* End XCBuildConfiguration section */

/* Begin XCConfigurationList section */
		94B915F21EF21E4A00AC91B9 /* Build configuration list for PBXProject "TodayNews" */ = {
			isa = XCConfigurationList;
			buildConfigurations = (
				94B9161D1EF21E4A00AC91B9 /* Debug */,
				94B9161E1EF21E4A00AC91B9 /* Release */,
			);
			defaultConfigurationIsVisible = 0;
			defaultConfigurationName = Release;
		};
		94B9161F1EF21E4A00AC91B9 /* Build configuration list for PBXNativeTarget "TodayNews" */ = {
			isa = XCConfigurationList;
			buildConfigurations = (
				94B916201EF21E4A00AC91B9 /* Debug */,
				94B916211EF21E4A00AC91B9 /* Release */,
			);
			defaultConfigurationIsVisible = 0;
			defaultConfigurationName = Release;
		};
		94B916221EF21E4A00AC91B9 /* Build configuration list for PBXNativeTarget "TodayNewsTests" */ = {
			isa = XCConfigurationList;
			buildConfigurations = (
				94B916231EF21E4A00AC91B9 /* Debug */,
				94B916241EF21E4A00AC91B9 /* Release */,
			);
			defaultConfigurationIsVisible = 0;
			defaultConfigurationName = Release;
		};
		94B916251EF21E4A00AC91B9 /* Build configuration list for PBXNativeTarget "TodayNewsUITests" */ = {
			isa = XCConfigurationList;
			buildConfigurations = (
				94B916261EF21E4A00AC91B9 /* Debug */,
				94B916271EF21E4A00AC91B9 /* Release */,
			);
			defaultConfigurationIsVisible = 0;
			defaultConfigurationName = Release;
		};
/* End XCConfigurationList section */
	};
	rootObject = 94B915EF1EF21E4A00AC91B9 /* Project object */;
}
