PODS:
  - Alamofire (4.7.1)
  - BMPlayer (1.0.2):
    - BMPlayer/Full (= 1.0.2)
  - BMPlayer/Core (1.0.2)
  - BMPlayer/Full (1.0.2):
    - BMPlayer/Core
    - NVActivityIndicatorView (~> 4.4.0)
    - SnapKit (~> 4.0.1)
  - FDFullscreenPopGesture (1.1)
  - HandyJSON (4.2.0)
  - IBAnimatable (5.0.0)
  - Kingfisher (4.7.0)
  - lottie-ios (2.5.0)
  - MJRefresh (3.1.15.3)
  - NVActivityIndicatorView (4.4.0):
    - NVActivityIndicatorView/Presenter (= 4.4.0)
  - NVActivityIndicatorView/Presenter (4.4.0)
  - RxCocoa (4.1.2):
    - RxSwift (~> 4.0)
  - RxSwift (4.1.2)
  - SGPagingView (1.3.6)
  - SnapKit (4.0.1)
  - SQLite.swift (0.11.4):
    - SQLite.swift/standard (= 0.11.4)
  - SQLite.swift/standard (0.11.4)
  - SVProgressHUD (2.2.5)
  - SwiftTheme (0.4.3)
  - SwiftyJSON (4.0.0)

DEPENDENCIES:
  - Alamofire
  - BMPlayer (from `https://github.com/BrikerMan/BMPlayer.git`, branch `master`)
  - FDFullscreenPopGesture
  - HandyJSON (~> 4.2.0)
  - IBAnimatable
  - Kingfisher
  - lottie-ios
  - MJRefresh
  - RxCocoa
  - RxSwift
  - SGPagingView
  - SQLite.swift
  - SVProgressHUD
  - SwiftTheme (from `https://github.com/jiecao-fm/SwiftTheme.git`, branch `master`)
  - SwiftyJSON

SPEC REPOS:
  https://github.com/cocoapods/specs.git:
    - Alamofire
    - FDFullscreenPopGesture
    - HandyJSON
    - IBAnimatable
    - Kingfisher
    - lottie-ios
    - MJRefresh
    - NVActivityIndicatorView
    - RxCocoa
    - RxSwift
    - SGPagingView
    - SnapKit
    - SQLite.swift
    - SVProgressHUD
    - SwiftyJSON

EXTERNAL SOURCES:
  BMPlayer:
    :branch: master
    :git: https://github.com/BrikerMan/BMPlayer.git
  SwiftTheme:
    :branch: master
    :git: https://github.com/jiecao-fm/SwiftTheme.git

CHECKOUT OPTIONS:
  BMPlayer:
    :commit: e94f18d60961fbc1d055843e33659cd664e14fd5
    :git: https://github.com/BrikerMan/BMPlayer.git
  SwiftTheme:
    :commit: 620fc46fca70280031f65546b39b4ea7a43898d0
    :git: https://github.com/jiecao-fm/SwiftTheme.git

SPEC CHECKSUMS:
  Alamofire: 68d7d521118d49c615a8d2214d87cdf525599d30
  BMPlayer: e4d9347faabbcb92800213515589d844d2dadfa0
  FDFullscreenPopGesture: a8a620179e3d9c40e8e00256dcee1c1a27c6d0f0
  HandyJSON: 9dfc026c7d7adc1f0f8ba8b181495f0e0763b0f4
  IBAnimatable: aa2286a9cf8fb4ae2e1be85c5287ae56143b024f
  Kingfisher: da6b005aa96d37698e3e4f1ccfe96a5b9bbf27d6
  lottie-ios: d699fdee68d7b63e721d949388b015fef1aaa4ac
  MJRefresh: b48380ae2b927b46c4ef000de9adb8dc748e1df7
  NVActivityIndicatorView: ec7440a57af2450319d3a4181cca7da6fc127064
  RxCocoa: d88ba0f1f6abf040011a9eb4b539324fc426843a
  RxSwift: e49536837d9901277638493ea537394d4b55f570
  SGPagingView: 4e9204cc62e4b63b269fbf48b4e8c9333adcd071
  SnapKit: 0de968a9fec17499afa29683b05d0c775b6d1c29
  SQLite.swift: 3e3bee21da701b5b9f87c4a672cb54f233505692
  SVProgressHUD: 1428aafac632c1f86f62aa4243ec12008d7a51d6
  SwiftTheme: 628345b948068a48d330d76dffb1a990ea5f90aa
  SwiftyJSON: 070dabdcb1beb81b247c65ffa3a79dbbfb3b48aa

PODFILE CHECKSUM: b0292d9b568b27b8a6b6da2a30f24e9ef4e7a1f2

COCOAPODS: 1.5.3
